
Microsoft Visual Studio Solution File, Format Version 12.00
# Visual Studio Version 16
VisualStudioVersion = 16.0.29306.81
MinimumVisualStudioVersion = 10.0.40219.1
Project("{FAE04EC0-301F-11D3-BF4B-00C04F79EFBC}") = "EmpregadoHeranca", "EmpregadoHeranca\EmpregadoHeranca.csproj", "{D948F518-5718-481B-80F2-0E7B7B7954A5}"
EndProject
Global
	GlobalSection(SolutionConfigurationPlatforms) = preSolution
		Debug|Any CPU = Debug|Any CPU
		Release|Any CPU = Release|Any CPU
	EndGlobalSection
	GlobalSection(ProjectConfigurationPlatforms) = postSolution
		{D948F518-5718-481B-80F2-0E7B7B7954A5}.Debug|Any CPU.ActiveCfg = Debug|Any CPU
		{D948F518-5718-481B-80F2-0E7B7B7954A5}.Debug|Any CPU.Build.0 = Debug|Any CPU
		{D948F518-5718-481B-80F2-0E7B7B7954A5}.Release|Any CPU.ActiveCfg = Release|Any CPU
		{D948F518-5718-481B-80F2-0E7B7B7954A5}.Release|Any CPU.Build.0 = Release|Any CPU
	EndGlobalSection
	GlobalSection(SolutionProperties) = preSolution
		HideSolutionNode = FALSE
	EndGlobalSection
	GlobalSection(ExtensibilityGlobals) = postSolution
		SolutionGuid = {42B35EE8-5B73-4B7F-8D9C-184CBB579019}
	EndGlobalSection
EndGlobal
